
Microsoft Visual Studio Solution File, Format Version 12.00
# Visual Studio Version 16
VisualStudioVersion = 16.0.29020.237
MinimumVisualStudioVersion = 10.0.40219.1
Project("{FAE04EC0-301F-11D3-BF4B-00C04F79EFBC}") = "BugTrackerProject", "BugTrackerProject\BugTrackerProject.csproj", "{0C327282-FC76-46CF-BF0A-F812E6502F09}"
EndProject
Global
	GlobalSection(SolutionConfigurationPlatforms) = preSolution
		Debug|Any CPU = Debug|Any CPU
		Release|Any CPU = Release|Any CPU
	EndGlobalSection
	GlobalSection(ProjectConfigurationPlatforms) = postSolution
		{0C327282-FC76-46CF-BF0A-F812E6502F09}.Debug|Any CPU.ActiveCfg = Debug|Any CPU
		{0C327282-FC76-46CF-BF0A-F812E6502F09}.Debug|Any CPU.Build.0 = Debug|Any CPU
		{0C327282-FC76-46CF-BF0A-F812E6502F09}.Release|Any CPU.ActiveCfg = Release|Any CPU
		{0C327282-FC76-46CF-BF0A-F812E6502F09}.Release|Any CPU.Build.0 = Release|Any CPU
	EndGlobalSection
	GlobalSection(SolutionProperties) = preSolution
		HideSolutionNode = FALSE
	EndGlobalSection
	GlobalSection(ExtensibilityGlobals) = postSolution
		SolutionGuid = {D3E0D27F-1279-4C8C-A267-BF64A6D3F468}
	EndGlobalSection
EndGlobal
